
Microsoft Visual Studio Solution File, Format Version 12.00
# Visual Studio Version 17
VisualStudioVersion = 17.3.32901.215
MinimumVisualStudioVersion = 10.0.40219.1
Project("{FAE04EC0-301F-11D3-BF4B-00C04F79EFBC}") = "Skarp beskrivande statistik", "Skarp beskrivande statistik.csproj", "{49F14167-DD43-4EC5-8EAB-7730931B40EA}"
EndProject
Global
	GlobalSection(SolutionConfigurationPlatforms) = preSolution
		Debug|Any CPU = Debug|Any CPU
		Release|Any CPU = Release|Any CPU
	EndGlobalSection
	GlobalSection(ProjectConfigurationPlatforms) = postSolution
		{49F14167-DD43-4EC5-8EAB-7730931B40EA}.Debug|Any CPU.ActiveCfg = Debug|Any CPU
		{49F14167-DD43-4EC5-8EAB-7730931B40EA}.Debug|Any CPU.Build.0 = Debug|Any CPU
		{49F14167-DD43-4EC5-8EAB-7730931B40EA}.Release|Any CPU.ActiveCfg = Release|Any CPU
		{49F14167-DD43-4EC5-8EAB-7730931B40EA}.Release|Any CPU.Build.0 = Release|Any CPU
	EndGlobalSection
	GlobalSection(SolutionProperties) = preSolution
		HideSolutionNode = FALSE
	EndGlobalSection
	GlobalSection(ExtensibilityGlobals) = postSolution
		SolutionGuid = {8222E3EA-D5BE-43CE-AB0B-705B35FDFC08}
	EndGlobalSection
EndGlobal
